
Microsoft Visual Studio Solution File, Format Version 12.00
# Visual Studio 15
VisualStudioVersion = 15.0.28307.168
MinimumVisualStudioVersion = 10.0.40219.1
Project("{888888A0-9F3D-457C-B088-3A5042F75D52}") = "PokerGame", "PokerGame\PokerGame.pyproj", "{6F17B6E3-1197-4363-BDE5-F7FFE4CC75E5}"
EndProject
Global
	GlobalSection(SolutionConfigurationPlatforms) = preSolution
		Debug|Any CPU = Debug|Any CPU
		Release|Any CPU = Release|Any CPU
	EndGlobalSection
	GlobalSection(ProjectConfigurationPlatforms) = postSolution
		{6F17B6E3-1197-4363-BDE5-F7FFE4CC75E5}.Debug|Any CPU.ActiveCfg = Debug|Any CPU
		{6F17B6E3-1197-4363-BDE5-F7FFE4CC75E5}.Release|Any CPU.ActiveCfg = Release|Any CPU
	EndGlobalSection
	GlobalSection(SolutionProperties) = preSolution
		HideSolutionNode = FALSE
	EndGlobalSection
	GlobalSection(ExtensibilityGlobals) = postSolution
		SolutionGuid = {A334D6A3-51F7-4307-AE64-F2C3FB9976EE}
	EndGlobalSection
EndGlobal
